
Microsoft Visual Studio Solution File, Format Version 12.00
# Visual Studio Version 17
VisualStudioVersion = 17.14.36221.1 d17.14
MinimumVisualStudioVersion = 10.0.40219.1
Project("{FAE04EC0-301F-11D3-BF4B-00C04F79EFBC}") = "TeamTrack", "TeamTrack\TeamTrack.csproj", "{75594256-6724-494F-992A-DF72FAB6F532}"
EndProject
Global
	GlobalSection(SolutionConfigurationPlatforms) = preSolution
		Debug|Any CPU = Debug|Any CPU
		Release|Any CPU = Release|Any CPU
	EndGlobalSection
	GlobalSection(ProjectConfigurationPlatforms) = postSolution
		{75594256-6724-494F-992A-DF72FAB6F532}.Debug|Any CPU.ActiveCfg = Debug|Any CPU
		{75594256-6724-494F-992A-DF72FAB6F532}.Debug|Any CPU.Build.0 = Debug|Any CPU
		{75594256-6724-494F-992A-DF72FAB6F532}.Release|Any CPU.ActiveCfg = Release|Any CPU
		{75594256-6724-494F-992A-DF72FAB6F532}.Release|Any CPU.Build.0 = Release|Any CPU
	EndGlobalSection
	GlobalSection(SolutionProperties) = preSolution
		HideSolutionNode = FALSE
	EndGlobalSection
	GlobalSection(ExtensibilityGlobals) = postSolution
		SolutionGuid = {4B0594E1-BE06-4372-B5D7-385CFE13FC60}
	EndGlobalSection
EndGlobal
